
Microsoft Visual Studio Solution File, Format Version 12.00
# Visual Studio Version 16
VisualStudioVersion = 16.0.30804.86
MinimumVisualStudioVersion = 10.0.40219.1
Project("{9A19103F-16F7-4668-BE54-9A1E7A4F7556}") = "DreamLike", "ProjectDreamLike\DreamLike.csproj", "{54C54074-BAD1-4552-9F63-F11F7570C41C}"
EndProject
Project("{9A19103F-16F7-4668-BE54-9A1E7A4F7556}") = "DreamLikeBL", "DreamLikeBL\DreamLikeBL.csproj", "{07C8C6C1-3FA2-4236-8D73-DB607D2953C3}"
EndProject
Project("{9A19103F-16F7-4668-BE54-9A1E7A4F7556}") = "DreamLikeDAL", "DreamLikeDAL\DreamLikeDAL.csproj", "{CC6D392A-7128-4842-9E83-BBD15C6D4E69}"
EndProject
Project("{9A19103F-16F7-4668-BE54-9A1E7A4F7556}") = "DreamLikeDTO", "DreamLikeDTO\DreamLikeDTO.csproj", "{A8E3AD77-FEB0-45F2-8C7F-A71B9D86A781}"
EndProject
Global
	GlobalSection(SolutionConfigurationPlatforms) = preSolution
		Debug|Any CPU = Debug|Any CPU
		Release|Any CPU = Release|Any CPU
	EndGlobalSection
	GlobalSection(ProjectConfigurationPlatforms) = postSolution
		{54C54074-BAD1-4552-9F63-F11F7570C41C}.Debug|Any CPU.ActiveCfg = Debug|Any CPU
		{54C54074-BAD1-4552-9F63-F11F7570C41C}.Debug|Any CPU.Build.0 = Debug|Any CPU
		{54C54074-BAD1-4552-9F63-F11F7570C41C}.Release|Any CPU.ActiveCfg = Release|Any CPU
		{54C54074-BAD1-4552-9F63-F11F7570C41C}.Release|Any CPU.Build.0 = Release|Any CPU
		{07C8C6C1-3FA2-4236-8D73-DB607D2953C3}.Debug|Any CPU.ActiveCfg = Debug|Any CPU
		{07C8C6C1-3FA2-4236-8D73-DB607D2953C3}.Debug|Any CPU.Build.0 = Debug|Any CPU
		{07C8C6C1-3FA2-4236-8D73-DB607D2953C3}.Release|Any CPU.ActiveCfg = Release|Any CPU
		{07C8C6C1-3FA2-4236-8D73-DB607D2953C3}.Release|Any CPU.Build.0 = Release|Any CPU
		{CC6D392A-7128-4842-9E83-BBD15C6D4E69}.Debug|Any CPU.ActiveCfg = Debug|Any CPU
		{CC6D392A-7128-4842-9E83-BBD15C6D4E69}.Debug|Any CPU.Build.0 = Debug|Any CPU
		{CC6D392A-7128-4842-9E83-BBD15C6D4E69}.Release|Any CPU.ActiveCfg = Release|Any CPU
		{CC6D392A-7128-4842-9E83-BBD15C6D4E69}.Release|Any CPU.Build.0 = Release|Any CPU
		{A8E3AD77-FEB0-45F2-8C7F-A71B9D86A781}.Debug|Any CPU.ActiveCfg = Debug|Any CPU
		{A8E3AD77-FEB0-45F2-8C7F-A71B9D86A781}.Debug|Any CPU.Build.0 = Debug|Any CPU
		{A8E3AD77-FEB0-45F2-8C7F-A71B9D86A781}.Release|Any CPU.ActiveCfg = Release|Any CPU
		{A8E3AD77-FEB0-45F2-8C7F-A71B9D86A781}.Release|Any CPU.Build.0 = Release|Any CPU
	EndGlobalSection
	GlobalSection(SolutionProperties) = preSolution
		HideSolutionNode = FALSE
	EndGlobalSection
	GlobalSection(ExtensibilityGlobals) = postSolution
		SolutionGuid = {82CED526-0074-433F-9E27-02CB1B9954BD}
	EndGlobalSection
EndGlobal
